schema: '2.0'
stages:
  scaling:
    cmd: python src/scale.py
    deps:
    - path: data/test_data.csv
      hash: md5
      md5: c807df8d6d804ab2647fc15c3d40f543
      size: 18289443
    - path: data/train_data.csv
      hash: md5
      md5: 44f9df050bd703184c6b0f834b60ee94
      size: 101891326
    - path: src/scale.py
      hash: md5
      md5: 9f72b8eed72ec2aa50ba710c155468c4
      size: 928
    outs:
    - path: data/scaled_test_data.npy
      hash: md5
      md5: 191639c86bc1cd0d9abf36bf738ecd93
      size: 62800128
    - path: data/scaled_train_data.npy
      hash: md5
      md5: 8ee8d9f51524dce07b6cd2a466b723d9
      size: 188400128
  training:
    cmd: python src/train.py
    deps:
    - path: data/scaled_train_data.npy
      hash: md5
      md5: 8ee8d9f51524dce07b6cd2a466b723d9
      size: 188400128
    - path: src/train.py
      hash: md5
      md5: 820343b9943f7dd1c66d02e4d343a29b
      size: 820
    outs:
    - path: data/model.pkl
      hash: md5
      md5: 090a5e17fe09424217686016bbcbd7f4
      size: 67637
    - path: metrics/train_metrics.json
      hash: md5
      md5: eb5f3b8a1a1e466c55896205cc5df5f5
      size: 37
  evaluation:
    cmd: python src/eval.py
    deps:
    - path: data/model.pkl
      hash: md5
      md5: 090a5e17fe09424217686016bbcbd7f4
      size: 67637
    - path: data/scaled_test_data.npy
      hash: md5
      md5: 191639c86bc1cd0d9abf36bf738ecd93
      size: 62800128
    outs:
    - path: metrics/eval_metrics.json
      hash: md5
      md5: bf414607282c9c55f2bc599e650ead90
      size: 20
