schema: '2.0'
stages:
  scaling:
    cmd: python src/scale.py
    deps:
    - path: data/test_data.csv
      hash: md5
      md5: c807df8d6d804ab2647fc15c3d40f543
      size: 18289443
    - path: data/train_data.csv
      hash: md5
      md5: e37071dfcf4c8bff252d3dc9133363f6
      size: 16979154
    - path: src/scale.py
      hash: md5
      md5: 9f72b8eed72ec2aa50ba710c155468c4
      size: 928
    outs:
    - path: data/scaled_test_data.npy
      hash: md5
      md5: 1db076ed6b9efa7baf83e06e8726459a
      size: 62800128
    - path: data/scaled_train_data.npy
      hash: md5
      md5: 2e4797977818e1b40169f0bc8f5242d9
      size: 31400128
  training:
    cmd: python src/train.py
    deps:
    - path: data/scaled_train_data.npy
      hash: md5
      md5: 2e4797977818e1b40169f0bc8f5242d9
      size: 31400128
    - path: src/train.py
      hash: md5
      md5: 820343b9943f7dd1c66d02e4d343a29b
      size: 820
    outs:
    - path: data/model.pkl
      hash: md5
      md5: 742173832de6a7414b0c396e2bbf8f52
      size: 67637
    - path: metrics/train_metrics.json
      hash: md5
      md5: dd4ff84a5f869c26dd3dbd6099835ef0
      size: 36
  evaluation:
    cmd: python src/eval.py
    deps:
    - path: data/model.pkl
      hash: md5
      md5: 742173832de6a7414b0c396e2bbf8f52
      size: 67637
    - path: data/scaled_test_data.npy
      hash: md5
      md5: 1db076ed6b9efa7baf83e06e8726459a
      size: 62800128
    outs:
    - path: metrics/eval_metrics.json
      hash: md5
      md5: d459f627d51a63d3fe66061f7b17a187
      size: 19
